
Microsoft Visual Studio Solution File, Format Version 12.00
# Visual Studio Version 16
VisualStudioVersion = 16.0.30907.101
MinimumVisualStudioVersion = 10.0.40219.1
Project("{FAE04EC0-301F-11D3-BF4B-00C04F79EFBC}") = "BattleArenaDream_CSharp2", "BattleArenaDream_CSharp2\BattleArenaDream_CSharp2.csproj", "{DBFACF9A-197A-478E-8109-4AA62D51D904}"
EndProject
Global
	GlobalSection(SolutionConfigurationPlatforms) = preSolution
		Debug|Any CPU = Debug|Any CPU
		Release|Any CPU = Release|Any CPU
	EndGlobalSection
	GlobalSection(ProjectConfigurationPlatforms) = postSolution
		{DBFACF9A-197A-478E-8109-4AA62D51D904}.Debug|Any CPU.ActiveCfg = Debug|Any CPU
		{DBFACF9A-197A-478E-8109-4AA62D51D904}.Debug|Any CPU.Build.0 = Debug|Any CPU
		{DBFACF9A-197A-478E-8109-4AA62D51D904}.Release|Any CPU.ActiveCfg = Release|Any CPU
		{DBFACF9A-197A-478E-8109-4AA62D51D904}.Release|Any CPU.Build.0 = Release|Any CPU
	EndGlobalSection
	GlobalSection(SolutionProperties) = preSolution
		HideSolutionNode = FALSE
	EndGlobalSection
	GlobalSection(ExtensibilityGlobals) = postSolution
		SolutionGuid = {21E42B44-9D10-4A0B-846F-01CC09F420CF}
	EndGlobalSection
EndGlobal
